{
  "name": "focus-guard-monorepo",
  "version": "3.0.4",
  "lockfileVersion": 3,
  "requires": true,
  "packages": {
    "": {
      "name": "focus-guard-monorepo",
      "version": "3.0.4",
      "license": "MIT",
      "workspaces": [
        "packages/*"
      ],
      "engines": {
        "node": ">=18.17"
      }
    },
    "node_modules/focus-guard": {
      "resolved": "packages/core",
      "link": true
    },
    "node_modules/focus-guard-extended": {
      "resolved": "packages/extended",
      "link": true
    },
    "packages/core": {
      "name": "focus-guard",
      "version": "3.0.4",
      "license": "MIT",
      "engines": {
        "node": ">=18.17"
      }
    },
    "packages/extended": {
      "name": "focus-guard-extended",
      "version": "3.0.4",
      "license": "MIT",
      "dependencies": {
        "focus-guard": "^3.0.4"
      },
      "engines": {
        "node": ">=18.17"
      }
    }
  }
}
